// !$*UTF8*$!
{
	archiveVersion = 1;
	classes = {
	};
	objectVersion = 46;
	objects = {

/* Begin PBXBuildFile section */
		C3A537CC1D658BF200A57B93 /* AppDelegate.swift in Sources */ = {isa = PBXBuildFile; fileRef = C3A537CB1D658BF200A57B93 /* AppDelegate.swift */; };
		C3A537CE1D658BF200A57B93 /* FadeDemoViewController.swift in Sources */ = {isa = PBXBuildFile; fileRef = C3A537CD1D658BF200A57B93 /* FadeDemoViewController.swift */; };
		C3A537D11D658BF200A57B93 /* Main.storyboard in Resources */ = {isa = PBXBuildFile; fileRef = C3A537CF1D658BF200A57B93 /* Main.storyboard */; };
		C3A537D31D658BF200A57B93 /* Assets.xcassets in Resources */ = {isa = PBXBuildFile; fileRef = C3A537D21D658BF200A57B93 /* Assets.xcassets */; };
		C3A537D61D658BF200A57B93 /* LaunchScreen.storyboard in Resources */ = {isa = PBXBuildFile; fileRef = C3A537D41D658BF200A57B93 /* LaunchScreen.storyboard */; };
		C3A537E81D658C7500A57B93 /* RZAnimation.swift in Sources */ = {isa = PBXBuildFile; fileRef = C3A537DE1D658C7500A57B93 /* RZAnimation.swift */; };
		C3A537E91D658C7500A57B93 /* RZAnimationFade.swift in Sources */ = {isa = PBXBuildFile; fileRef = C3A537DF1D658C7500A57B93 /* RZAnimationFade.swift */; };
		C3A537EA1D658C7500A57B93 /* RZAnimationScale.swift in Sources */ = {isa = PBXBuildFile; fileRef = C3A537E01D658C7500A57B93 /* RZAnimationScale.swift */; };
		C3A537EB1D658C7500A57B93 /* RZAnimationSequence.swift in Sources */ = {isa = PBXBuildFile; fileRef = C3A537E11D658C7500A57B93 /* RZAnimationSequence.swift */; };
		C3A537EC1D658C7500A57B93 /* RZButton.swift in Sources */ = {isa = PBXBuildFile; fileRef = C3A537E21D658C7500A57B93 /* RZButton.swift */; };
		C3A537ED1D658C7500A57B93 /* RZLabel.swift in Sources */ = {isa = PBXBuildFile; fileRef = C3A537E31D658C7500A57B93 /* RZLabel.swift */; };
		C3A537EE1D658C7500A57B93 /* RZTextField.swift in Sources */ = {isa = PBXBuildFile; fileRef = C3A537E41D658C7500A57B93 /* RZTextField.swift */; };
		C3A537EF1D658C7500A57B93 /* RZTextView.swift in Sources */ = {isa = PBXBuildFile; fileRef = C3A537E51D658C7500A57B93 /* RZTextView.swift */; };
		C3A537F01D658C7500A57B93 /* RZVersions.swift in Sources */ = {isa = PBXBuildFile; fileRef = C3A537E61D658C7500A57B93 /* RZVersions.swift */; };
		C3A537F11D658C7500A57B93 /* RZView.swift in Sources */ = {isa = PBXBuildFile; fileRef = C3A537E71D658C7500A57B93 /* RZView.swift */; };
		C3A537F71D65AC7B00A57B93 /* ScaleDemoViewController.swift in Sources */ = {isa = PBXBuildFile; fileRef = C3A537F61D65AC7B00A57B93 /* ScaleDemoViewController.swift */; };
/* End PBXBuildFile section */

/* Begin PBXFileReference section */
		C3A537C81D658BF200A57B93 /* RZKit Example.app */ = {isa = PBXFileReference; explicitFileType = wrapper.application; includeInIndex = 0; path = "RZKit Example.app"; sourceTree = BUILT_PRODUCTS_DIR; };
		C3A537CB1D658BF200A57B93 /* AppDelegate.swift */ = {isa = PBXFileReference; lastKnownFileType = sourcecode.swift; path = AppDelegate.swift; sourceTree = "<group>"; };
		C3A537CD1D658BF200A57B93 /* FadeDemoViewController.swift */ = {isa = PBXFileReference; lastKnownFileType = sourcecode.swift; path = FadeDemoViewController.swift; sourceTree = "<group>"; };
		C3A537D01D658BF200A57B93 /* Base */ = {isa = PBXFileReference; lastKnownFileType = file.storyboard; name = Base; path = Base.lproj/Main.storyboard; sourceTree = "<group>"; };
		C3A537D21D658BF200A57B93 /* Assets.xcassets */ = {isa = PBXFileReference; lastKnownFileType = folder.assetcatalog; path = Assets.xcassets; sourceTree = "<group>"; };
		C3A537D51D658BF200A57B93 /* Base */ = {isa = PBXFileReference; lastKnownFileType = file.storyboard; name = Base; path = Base.lproj/LaunchScreen.storyboard; sourceTree = "<group>"; };
		C3A537D71D658BF200A57B93 /* Info.plist */ = {isa = PBXFileReference; lastKnownFileType = text.plist.xml; path = Info.plist; sourceTree = "<group>"; };
		C3A537DE1D658C7500A57B93 /* RZAnimation.swift */ = {isa = PBXFileReference; fileEncoding = 4; lastKnownFileType = sourcecode.swift; path = RZAnimation.swift; sourceTree = "<group>"; };
		C3A537DF1D658C7500A57B93 /* RZAnimationFade.swift */ = {isa = PBXFileReference; fileEncoding = 4; lastKnownFileType = sourcecode.swift; path = RZAnimationFade.swift; sourceTree = "<group>"; };
		C3A537E01D658C7500A57B93 /* RZAnimationScale.swift */ = {isa = PBXFileReference; fileEncoding = 4; lastKnownFileType = sourcecode.swift; path = RZAnimationScale.swift; sourceTree = "<group>"; };
		C3A537E11D658C7500A57B93 /* RZAnimationSequence.swift */ = {isa = PBXFileReference; fileEncoding = 4; lastKnownFileType = sourcecode.swift; path = RZAnimationSequence.swift; sourceTree = "<group>"; };
		C3A537E21D658C7500A57B93 /* RZButton.swift */ = {isa = PBXFileReference; fileEncoding = 4; lastKnownFileType = sourcecode.swift; path = RZButton.swift; sourceTree = "<group>"; };
		C3A537E31D658C7500A57B93 /* RZLabel.swift */ = {isa = PBXFileReference; fileEncoding = 4; lastKnownFileType = sourcecode.swift; path = RZLabel.swift; sourceTree = "<group>"; };
		C3A537E41D658C7500A57B93 /* RZTextField.swift */ = {isa = PBXFileReference; fileEncoding = 4; lastKnownFileType = sourcecode.swift; path = RZTextField.swift; sourceTree = "<group>"; };
		C3A537E51D658C7500A57B93 /* RZTextView.swift */ = {isa = PBXFileReference; fileEncoding = 4; lastKnownFileType = sourcecode.swift; path = RZTextView.swift; sourceTree = "<group>"; };
		C3A537E61D658C7500A57B93 /* RZVersions.swift */ = {isa = PBXFileReference; fileEncoding = 4; lastKnownFileType = sourcecode.swift; path = RZVersions.swift; sourceTree = "<group>"; };
		C3A537E71D658C7500A57B93 /* RZView.swift */ = {isa = PBXFileReference; fileEncoding = 4; lastKnownFileType = sourcecode.swift; path = RZView.swift; sourceTree = "<group>"; };
		C3A537F21D658C7C00A57B93 /* Example1.jpg */ = {isa = PBXFileReference; lastKnownFileType = image.jpeg; path = Example1.jpg; sourceTree = SOURCE_ROOT; };
		C3A537F31D658C7C00A57B93 /* Example2.png */ = {isa = PBXFileReference; lastKnownFileType = image.png; path = Example2.png; sourceTree = SOURCE_ROOT; };
		C3A537F41D658C7C00A57B93 /* LICENSE */ = {isa = PBXFileReference; lastKnownFileType = text; path = LICENSE; sourceTree = SOURCE_ROOT; };
		C3A537F51D658C7C00A57B93 /* README.md */ = {isa = PBXFileReference; lastKnownFileType = net.daringfireball.markdown; path = README.md; sourceTree = SOURCE_ROOT; };
		C3A537F61D65AC7B00A57B93 /* ScaleDemoViewController.swift */ = {isa = PBXFileReference; fileEncoding = 4; lastKnownFileType = sourcecode.swift; path = ScaleDemoViewController.swift; sourceTree = "<group>"; };
/* End PBXFileReference section */

/* Begin PBXFrameworksBuildPhase section */
		C3A537C51D658BF200A57B93 /* Frameworks */ = {
			isa = PBXFrameworksBuildPhase;
			buildActionMask = 2147483647;
			files = (
			);
			runOnlyForDeploymentPostprocessing = 0;
		};
/* End PBXFrameworksBuildPhase section */

/* Begin PBXGroup section */
		C3A537BF1D658BF200A57B93 = {
			isa = PBXGroup;
			children = (
				C3A537CA1D658BF200A57B93 /* RZKit Example */,
				C3A537DD1D658C7500A57B93 /* RZKit */,
				C3A537C91D658BF200A57B93 /* Products */,
			);
			sourceTree = "<group>";
		};
		C3A537C91D658BF200A57B93 /* Products */ = {
			isa = PBXGroup;
			children = (
				C3A537C81D658BF200A57B93 /* RZKit Example.app */,
			);
			name = Products;
			sourceTree = "<group>";
		};
		C3A537CA1D658BF200A57B93 /* RZKit Example */ = {
			isa = PBXGroup;
			children = (
				C3A537F21D658C7C00A57B93 /* Example1.jpg */,
				C3A537F31D658C7C00A57B93 /* Example2.png */,
				C3A537F41D658C7C00A57B93 /* LICENSE */,
				C3A537F51D658C7C00A57B93 /* README.md */,
				C3A537CB1D658BF200A57B93 /* AppDelegate.swift */,
				C3A537CD1D658BF200A57B93 /* FadeDemoViewController.swift */,
				C3A537F61D65AC7B00A57B93 /* ScaleDemoViewController.swift */,
				C3A537CF1D658BF200A57B93 /* Main.storyboard */,
				C3A537D21D658BF200A57B93 /* Assets.xcassets */,
				C3A537D41D658BF200A57B93 /* LaunchScreen.storyboard */,
				C3A537D71D658BF200A57B93 /* Info.plist */,
			);
			path = "RZKit Example";
			sourceTree = "<group>";
		};
		C3A537DD1D658C7500A57B93 /* RZKit */ = {
			isa = PBXGroup;
			children = (
				C3A537DE1D658C7500A57B93 /* RZAnimation.swift */,
				C3A537DF1D658C7500A57B93 /* RZAnimationFade.swift */,
				C3A537E01D658C7500A57B93 /* RZAnimationScale.swift */,
				C3A537E11D658C7500A57B93 /* RZAnimationSequence.swift */,
				C3A537E21D658C7500A57B93 /* RZButton.swift */,
				C3A537E31D658C7500A57B93 /* RZLabel.swift */,
				C3A537E41D658C7500A57B93 /* RZTextField.swift */,
				C3A537E51D658C7500A57B93 /* RZTextView.swift */,
				C3A537E61D658C7500A57B93 /* RZVersions.swift */,
				C3A537E71D658C7500A57B93 /* RZView.swift */,
			);
			path = RZKit;
			sourceTree = "<group>";
		};
/* End PBXGroup section */

/* Begin PBXNativeTarget section */
		C3A537C71D658BF200A57B93 /* RZKit Example */ = {
			isa = PBXNativeTarget;
			buildConfigurationList = C3A537DA1D658BF200A57B93 /* Build configuration list for PBXNativeTarget "RZKit Example" */;
			buildPhases = (
				C3A537C41D658BF200A57B93 /* Sources */,
				C3A537C51D658BF200A57B93 /* Frameworks */,
				C3A537C61D658BF200A57B93 /* Resources */,
			);
			buildRules = (
			);
			dependencies = (
			);
			name = "RZKit Example";
			productName = "RZKit Example";
			productReference = C3A537C81D658BF200A57B93 /* RZKit Example.app */;
			productType = "com.apple.product-type.application";
		};
/* End PBXNativeTarget section */

/* Begin PBXProject section */
		C3A537C01D658BF200A57B93 /* Project object */ = {
			isa = PBXProject;
			attributes = {
				LastSwiftUpdateCheck = 0730;
				LastUpgradeCheck = 0730;
				ORGANIZATIONNAME = rzkit;
				TargetAttributes = {
					C3A537C71D658BF200A57B93 = {
						CreatedOnToolsVersion = 7.3.1;
					};
				};
			};
			buildConfigurationList = C3A537C31D658BF200A57B93 /* Build configuration list for PBXProject "RZKit Example" */;
			compatibilityVersion = "Xcode 3.2";
			developmentRegion = English;
			hasScannedForEncodings = 0;
			knownRegions = (
				en,
				Base,
			);
			mainGroup = C3A537BF1D658BF200A57B93;
			productRefGroup = C3A537C91D658BF200A57B93 /* Products */;
			projectDirPath = "";
			projectRoot = "";
			targets = (
				C3A537C71D658BF200A57B93 /* RZKit Example */,
			);
		};
/* End PBXProject section */

/* Begin PBXResourcesBuildPhase section */
		C3A537C61D658BF200A57B93 /* Resources */ = {
			isa = PBXResourcesBuildPhase;
			buildActionMask = 2147483647;
			files = (
				C3A537D61D658BF200A57B93 /* LaunchScreen.storyboard in Resources */,
				C3A537D31D658BF200A57B93 /* Assets.xcassets in Resources */,
				C3A537D11D658BF200A57B93 /* Main.storyboard in Resources */,
			);
			runOnlyForDeploymentPostprocessing = 0;
		};
/* End PBXResourcesBuildPhase section */

/* Begin PBXSourcesBuildPhase section */
		C3A537C41D658BF200A57B93 /* Sources */ = {
			isa = PBXSourcesBuildPhase;
			buildActionMask = 2147483647;
			files = (
				C3A537E91D658C7500A57B93 /* RZAnimationFade.swift in Sources */,
				C3A537F01D658C7500A57B93 /* RZVersions.swift in Sources */,
				C3A537EB1D658C7500A57B93 /* RZAnimationSequence.swift in Sources */,
				C3A537EA1D658C7500A57B93 /* RZAnimationScale.swift in Sources */,
				C3A537CE1D658BF200A57B93 /* FadeDemoViewController.swift in Sources */,
				C3A537F71D65AC7B00A57B93 /* ScaleDemoViewController.swift in Sources */,
				C3A537ED1D658C7500A57B93 /* RZLabel.swift in Sources */,
				C3A537F11D658C7500A57B93 /* RZView.swift in Sources */,
				C3A537CC1D658BF200A57B93 /* AppDelegate.swift in Sources */,
				C3A537EE1D658C7500A57B93 /* RZTextField.swift in Sources */,
				C3A537EF1D658C7500A57B93 /* RZTextView.swift in Sources */,
				C3A537EC1D658C7500A57B93 /* RZButton.swift in Sources */,
				C3A537E81D658C7500A57B93 /* RZAnimation.swift in Sources */,
			);
			runOnlyForDeploymentPostprocessing = 0;
		};
/* End PBXSourcesBuildPhase section */

/* Begin PBXVariantGroup section */
		C3A537CF1D658BF200A57B93 /* Main.storyboard */ = {
			isa = PBXVariantGroup;
			children = (
				C3A537D01D658BF200A57B93 /* Base */,
			);
			name = Main.storyboard;
			sourceTree = "<group>";
		};
		C3A537D41D658BF200A57B93 /* LaunchScreen.storyboard */ = {
			isa = PBXVariantGroup;
			children = (
				C3A537D51D658BF200A57B93 /* Base */,
			);
			name = LaunchScreen.storyboard;
			sourceTree = "<group>";
		};
/* End PBXVariantGroup section */

/* Begin XCBuildConfiguration section */
		C3A537D81D658BF200A57B93 /* Debug */ = {
			isa = XCBuildConfiguration;
			buildSettings = {
				ALWAYS_SEARCH_USER_PATHS = NO;
				CLANG_ANALYZER_NONNULL = YES;
				CLANG_CXX_LANGUAGE_STANDARD = "gnu++0x";
				CLANG_CXX_LIBRARY = "libc++";
				CLANG_ENABLE_MODULES = YES;
				CLANG_ENABLE_OBJC_ARC = YES;
				CLANG_WARN_BOOL_CONVERSION = YES;
				CLANG_WARN_CONSTANT_CONVERSION = YES;
				CLANG_WARN_DIRECT_OBJC_ISA_USAGE = YES_ERROR;
				CLANG_WARN_EMPTY_BODY = YES;
				CLANG_WARN_ENUM_CONVERSION = YES;
				CLANG_WARN_INT_CONVERSION = YES;
				CLANG_WARN_OBJC_ROOT_CLASS = YES_ERROR;
				CLANG_WARN_UNREACHABLE_CODE = YES;
				CLANG_WARN__DUPLICATE_METHOD_MATCH = YES;
				"CODE_SIGN_IDENTITY[sdk=iphoneos*]" = "iPhone Developer";
				COPY_PHASE_STRIP = NO;
				DEBUG_INFORMATION_FORMAT = dwarf;
				ENABLE_STRICT_OBJC_MSGSEND = YES;
				ENABLE_TESTABILITY = YES;
				GCC_C_LANGUAGE_STANDARD = gnu99;
				GCC_DYNAMIC_NO_PIC = NO;
				GCC_NO_COMMON_BLOCKS = YES;
				GCC_OPTIMIZATION_LEVEL = 0;
				GCC_PREPROCESSOR_DEFINITIONS = (
					"DEBUG=1",
					"$(inherited)",
				);
				GCC_WARN_64_TO_32_BIT_CONVERSION = YES;
				GCC_WARN_ABOUT_RETURN_TYPE = YES_ERROR;
				GCC_WARN_UNDECLARED_SELECTOR = YES;
				GCC_WARN_UNINITIALIZED_AUTOS = YES_AGGRESSIVE;
				GCC_WARN_UNUSED_FUNCTION = YES;
				GCC_WARN_UNUSED_VARIABLE = YES;
				IPHONEOS_DEPLOYMENT_TARGET = 9.3;
				MTL_ENABLE_DEBUG_INFO = YES;
				ONLY_ACTIVE_ARCH = YES;
				SDKROOT = iphoneos;
				SWIFT_OPTIMIZATION_LEVEL = "-Onone";
				TARGETED_DEVICE_FAMILY = "1,2";
			};
			name = Debug;
		};
		C3A537D91D658BF200A57B93 /* Release */ = {
			isa = XCBuildConfiguration;
			buildSettings = {
				ALWAYS_SEARCH_USER_PATHS = NO;
				CLANG_ANALYZER_NONNULL = YES;
				CLANG_CXX_LANGUAGE_STANDARD = "gnu++0x";
				CLANG_CXX_LIBRARY = "libc++";
				CLANG_ENABLE_MODULES = YES;
				CLANG_ENABLE_OBJC_ARC = YES;
				CLANG_WARN_BOOL_CONVERSION = YES;
				CLANG_WARN_CONSTANT_CONVERSION = YES;
				CLANG_WARN_DIRECT_OBJC_ISA_USAGE = YES_ERROR;
				CLANG_WARN_EMPTY_BODY = YES;
				CLANG_WARN_ENUM_CONVERSION = YES;
				CLANG_WARN_INT_CONVERSION = YES;
				CLANG_WARN_OBJC_ROOT_CLASS = YES_ERROR;
				CLANG_WARN_UNREACHABLE_CODE = YES;
				CLANG_WARN__DUPLICATE_METHOD_MATCH = YES;
				"CODE_SIGN_IDENTITY[sdk=iphoneos*]" = "iPhone Developer";
				COPY_PHASE_STRIP = NO;
				DEBUG_INFORMATION_FORMAT = "dwarf-with-dsym";
				ENABLE_NS_ASSERTIONS = NO;
				ENABLE_STRICT_OBJC_MSGSEND = YES;
				GCC_C_LANGUAGE_STANDARD = gnu99;
				GCC_NO_COMMON_BLOCKS = YES;
				GCC_WARN_64_TO_32_BIT_CONVERSION = YES;
				GCC_WARN_ABOUT_RETURN_TYPE = YES_ERROR;
				GCC_WARN_UNDECLARED_SELECTOR = YES;
				GCC_WARN_UNINITIALIZED_AUTOS = YES_AGGRESSIVE;
				GCC_WARN_UNUSED_FUNCTION = YES;
				GCC_WARN_UNUSED_VARIABLE = YES;
				IPHONEOS_DEPLOYMENT_TARGET = 9.3;
				MTL_ENABLE_DEBUG_INFO = NO;
				SDKROOT = iphoneos;
				TARGETED_DEVICE_FAMILY = "1,2";
				VALIDATE_PRODUCT = YES;
			};
			name = Release;
		};
		C3A537DB1D658BF200A57B93 /* Debug */ = {
			isa = XCBuildConfiguration;
			buildSettings = {
				ASSETCATALOG_COMPILER_APPICON_NAME = AppIcon;
				INFOPLIST_FILE = "RZKit Example/Info.plist";
				LD_RUNPATH_SEARCH_PATHS = "$(inherited) @executable_path/Frameworks";
				PRODUCT_BUNDLE_IDENTIFIER = "com.rzkit.RZKit-Example";
				PRODUCT_NAME = "$(TARGET_NAME)";
			};
			name = Debug;
		};
		C3A537DC1D658BF200A57B93 /* Release */ = {
			isa = XCBuildConfiguration;
			buildSettings = {
				ASSETCATALOG_COMPILER_APPICON_NAME = AppIcon;
				INFOPLIST_FILE = "RZKit Example/Info.plist";
				LD_RUNPATH_SEARCH_PATHS = "$(inherited) @executable_path/Frameworks";
				PRODUCT_BUNDLE_IDENTIFIER = "com.rzkit.RZKit-Example";
				PRODUCT_NAME = "$(TARGET_NAME)";
			};
			name = Release;
		};
/* End XCBuildConfiguration section */

/* Begin XCConfigurationList section */
		C3A537C31D658BF200A57B93 /* Build configuration list for PBXProject "RZKit Example" */ = {
			isa = XCConfigurationList;
			buildConfigurations = (
				C3A537D81D658BF200A57B93 /* Debug */,
				C3A537D91D658BF200A57B93 /* Release */,
			);
			defaultConfigurationIsVisible = 0;
			defaultConfigurationName = Release;
		};
		C3A537DA1D658BF200A57B93 /* Build configuration list for PBXNativeTarget "RZKit Example" */ = {
			isa = XCConfigurationList;
			buildConfigurations = (
				C3A537DB1D658BF200A57B93 /* Debug */,
				C3A537DC1D658BF200A57B93 /* Release */,
			);
			defaultConfigurationIsVisible = 0;
			defaultConfigurationName = Release;
		};
/* End XCConfigurationList section */
	};
	rootObject = C3A537C01D658BF200A57B93 /* Project object */;
}
